
Microsoft Visual Studio Solution File, Format Version 12.00
# Visual Studio Version 17
VisualStudioVersion = 17.2.32505.173
MinimumVisualStudioVersion = 10.0.40219.1
Project("{8BC9CEB8-8B4A-11D0-8D11-00A0C91BC942}") = "Cplusplus_study_test", "Cplusplus_study_test\Cplusplus_study_test.vcxproj", "{F6B5E9F1-343F-44F7-A14E-3BB796E10DDF}"
EndProject
Project("{8BC9CEB8-8B4A-11D0-8D11-00A0C91BC942}") = "study_1", "study_1\study_1.vcxproj", "{A5A8316F-93E2-4EFF-84B3-95299B4A0083}"
EndProject
Project("{8BC9CEB8-8B4A-11D0-8D11-00A0C91BC942}") = "study_2", "study_2\study_2.vcxproj", "{187AEB38-90EC-4199-8348-6E8FC13D7099}"
EndProject
Project("{8BC9CEB8-8B4A-11D0-8D11-00A0C91BC942}") = "study_3", "study_3\study_3.vcxproj", "{D38D3131-688E-4E83-92AD-4C683D1D9560}"
EndProject
Project("{8BC9CEB8-8B4A-11D0-8D11-00A0C91BC942}") = "study_4", "study_4\study_4.vcxproj", "{BECE6AEF-5151-4A3E-969F-1CA02D1BA60C}"
EndProject
Project("{8BC9CEB8-8B4A-11D0-8D11-00A0C91BC942}") = "study_5", "study_5\study_5.vcxproj", "{98591EFF-548E-44B2-BF1E-E0D0CD9EFBCD}"
EndProject
Project("{8BC9CEB8-8B4A-11D0-8D11-00A0C91BC942}") = "study_6", "study_6\study_6.vcxproj", "{3627433F-17FD-4869-B053-34459EB5BE97}"
EndProject
Project("{8BC9CEB8-8B4A-11D0-8D11-00A0C91BC942}") = "study_7", "study_7\study_7.vcxproj", "{3B2C2F28-F52F-48B3-8673-2CFBFD20B343}"
EndProject
Global
	GlobalSection(SolutionConfigurationPlatforms) = preSolution
		Debug|x64 = Debug|x64
		Debug|x86 = Debug|x86
		Release|x64 = Release|x64
		Release|x86 = Release|x86
	EndGlobalSection
	GlobalSection(ProjectConfigurationPlatforms) = postSolution
		{F6B5E9F1-343F-44F7-A14E-3BB796E10DDF}.Debug|x64.ActiveCfg = Debug|x64
		{F6B5E9F1-343F-44F7-A14E-3BB796E10DDF}.Debug|x64.Build.0 = Debug|x64
		{F6B5E9F1-343F-44F7-A14E-3BB796E10DDF}.Debug|x86.ActiveCfg = Debug|Win32
		{F6B5E9F1-343F-44F7-A14E-3BB796E10DDF}.Debug|x86.Build.0 = Debug|Win32
		{F6B5E9F1-343F-44F7-A14E-3BB796E10DDF}.Release|x64.ActiveCfg = Release|x64
		{F6B5E9F1-343F-44F7-A14E-3BB796E10DDF}.Release|x64.Build.0 = Release|x64
		{F6B5E9F1-343F-44F7-A14E-3BB796E10DDF}.Release|x86.ActiveCfg = Release|Win32
		{F6B5E9F1-343F-44F7-A14E-3BB796E10DDF}.Release|x86.Build.0 = Release|Win32
		{A5A8316F-93E2-4EFF-84B3-95299B4A0083}.Debug|x64.ActiveCfg = Debug|x64
		{A5A8316F-93E2-4EFF-84B3-95299B4A0083}.Debug|x64.Build.0 = Debug|x64
		{A5A8316F-93E2-4EFF-84B3-95299B4A0083}.Debug|x86.ActiveCfg = Debug|Win32
		{A5A8316F-93E2-4EFF-84B3-95299B4A0083}.Debug|x86.Build.0 = Debug|Win32
		{A5A8316F-93E2-4EFF-84B3-95299B4A0083}.Release|x64.ActiveCfg = Release|x64
		{A5A8316F-93E2-4EFF-84B3-95299B4A0083}.Release|x64.Build.0 = Release|x64
		{A5A8316F-93E2-4EFF-84B3-95299B4A0083}.Release|x86.ActiveCfg = Release|Win32
		{A5A8316F-93E2-4EFF-84B3-95299B4A0083}.Release|x86.Build.0 = Release|Win32
		{187AEB38-90EC-4199-8348-6E8FC13D7099}.Debug|x64.ActiveCfg = Debug|x64
		{187AEB38-90EC-4199-8348-6E8FC13D7099}.Debug|x64.Build.0 = Debug|x64
		{187AEB38-90EC-4199-8348-6E8FC13D7099}.Debug|x86.ActiveCfg = Debug|Win32
		{187AEB38-90EC-4199-8348-6E8FC13D7099}.Debug|x86.Build.0 = Debug|Win32
		{187AEB38-90EC-4199-8348-6E8FC13D7099}.Release|x64.ActiveCfg = Release|x64
		{187AEB38-90EC-4199-8348-6E8FC13D7099}.Release|x64.Build.0 = Release|x64
		{187AEB38-90EC-4199-8348-6E8FC13D7099}.Release|x86.ActiveCfg = Release|Win32
		{187AEB38-90EC-4199-8348-6E8FC13D7099}.Release|x86.Build.0 = Release|Win32
		{D38D3131-688E-4E83-92AD-4C683D1D9560}.Debug|x64.ActiveCfg = Debug|x64
		{D38D3131-688E-4E83-92AD-4C683D1D9560}.Debug|x64.Build.0 = Debug|x64
		{D38D3131-688E-4E83-92AD-4C683D1D9560}.Debug|x86.ActiveCfg = Debug|Win32
		{D38D3131-688E-4E83-92AD-4C683D1D9560}.Debug|x86.Build.0 = Debug|Win32
		{D38D3131-688E-4E83-92AD-4C683D1D9560}.Release|x64.ActiveCfg = Release|x64
		{D38D3131-688E-4E83-92AD-4C683D1D9560}.Release|x64.Build.0 = Release|x64
		{D38D3131-688E-4E83-92AD-4C683D1D9560}.Release|x86.ActiveCfg = Release|Win32
		{D38D3131-688E-4E83-92AD-4C683D1D9560}.Release|x86.Build.0 = Release|Win32
		{BECE6AEF-5151-4A3E-969F-1CA02D1BA60C}.Debug|x64.ActiveCfg = Debug|x64
		{BECE6AEF-5151-4A3E-969F-1CA02D1BA60C}.Debug|x64.Build.0 = Debug|x64
		{BECE6AEF-5151-4A3E-969F-1CA02D1BA60C}.Debug|x86.ActiveCfg = Debug|Win32
		{BECE6AEF-5151-4A3E-969F-1CA02D1BA60C}.Debug|x86.Build.0 = Debug|Win32
		{BECE6AEF-5151-4A3E-969F-1CA02D1BA60C}.Release|x64.ActiveCfg = Release|x64
		{BECE6AEF-5151-4A3E-969F-1CA02D1BA60C}.Release|x64.Build.0 = Release|x64
		{BECE6AEF-5151-4A3E-969F-1CA02D1BA60C}.Release|x86.ActiveCfg = Release|Win32
		{BECE6AEF-5151-4A3E-969F-1CA02D1BA60C}.Release|x86.Build.0 = Release|Win32
		{98591EFF-548E-44B2-BF1E-E0D0CD9EFBCD}.Debug|x64.ActiveCfg = Debug|x64
		{98591EFF-548E-44B2-BF1E-E0D0CD9EFBCD}.Debug|x64.Build.0 = Debug|x64
		{98591EFF-548E-44B2-BF1E-E0D0CD9EFBCD}.Debug|x86.ActiveCfg = Debug|Win32
		{98591EFF-548E-44B2-BF1E-E0D0CD9EFBCD}.Debug|x86.Build.0 = Debug|Win32
		{98591EFF-548E-44B2-BF1E-E0D0CD9EFBCD}.Release|x64.ActiveCfg = Release|x64
		{98591EFF-548E-44B2-BF1E-E0D0CD9EFBCD}.Release|x64.Build.0 = Release|x64
		{98591EFF-548E-44B2-BF1E-E0D0CD9EFBCD}.Release|x86.ActiveCfg = Release|Win32
		{98591EFF-548E-44B2-BF1E-E0D0CD9EFBCD}.Release|x86.Build.0 = Release|Win32
		{3627433F-17FD-4869-B053-34459EB5BE97}.Debug|x64.ActiveCfg = Debug|x64
		{3627433F-17FD-4869-B053-34459EB5BE97}.Debug|x64.Build.0 = Debug|x64
		{3627433F-17FD-4869-B053-34459EB5BE97}.Debug|x86.ActiveCfg = Debug|Win32
		{3627433F-17FD-4869-B053-34459EB5BE97}.Debug|x86.Build.0 = Debug|Win32
		{3627433F-17FD-4869-B053-34459EB5BE97}.Release|x64.ActiveCfg = Release|x64
		{3627433F-17FD-4869-B053-34459EB5BE97}.Release|x64.Build.0 = Release|x64
		{3627433F-17FD-4869-B053-34459EB5BE97}.Release|x86.ActiveCfg = Release|Win32
		{3627433F-17FD-4869-B053-34459EB5BE97}.Release|x86.Build.0 = Release|Win32
		{3B2C2F28-F52F-48B3-8673-2CFBFD20B343}.Debug|x64.ActiveCfg = Debug|x64
		{3B2C2F28-F52F-48B3-8673-2CFBFD20B343}.Debug|x64.Build.0 = Debug|x64
		{3B2C2F28-F52F-48B3-8673-2CFBFD20B343}.Debug|x86.ActiveCfg = Debug|Win32
		{3B2C2F28-F52F-48B3-8673-2CFBFD20B343}.Debug|x86.Build.0 = Debug|Win32
		{3B2C2F28-F52F-48B3-8673-2CFBFD20B343}.Release|x64.ActiveCfg = Release|x64
		{3B2C2F28-F52F-48B3-8673-2CFBFD20B343}.Release|x64.Build.0 = Release|x64
		{3B2C2F28-F52F-48B3-8673-2CFBFD20B343}.Release|x86.ActiveCfg = Release|Win32
		{3B2C2F28-F52F-48B3-8673-2CFBFD20B343}.Release|x86.Build.0 = Release|Win32
	EndGlobalSection
	GlobalSection(SolutionProperties) = preSolution
		HideSolutionNode = FALSE
	EndGlobalSection
	GlobalSection(ExtensibilityGlobals) = postSolution
		SolutionGuid = {15A90B36-1546-4206-8FD6-5EDD8F78B1F9}
	EndGlobalSection
EndGlobal
